
Microsoft Visual Studio Solution File, Format Version 12.00
# Visual Studio Version 16
VisualStudioVersion = 16.0.28803.452
MinimumVisualStudioVersion = 10.0.40219.1
Project("{9A19103F-16F7-4668-BE54-9A1E7A4F7556}") = "Qlc", "Qlc\Qlc.csproj", "{B3501E45-18E1-4CD4-BF0E-D7F3F43F6276}"
EndProject
Global
	GlobalSection(SolutionConfigurationPlatforms) = preSolution
		Debug|Any CPU = Debug|Any CPU
		Release|Any CPU = Release|Any CPU
	EndGlobalSection
	GlobalSection(ProjectConfigurationPlatforms) = postSolution
		{B3501E45-18E1-4CD4-BF0E-D7F3F43F6276}.Debug|Any CPU.ActiveCfg = Debug|Any CPU
		{B3501E45-18E1-4CD4-BF0E-D7F3F43F6276}.Debug|Any CPU.Build.0 = Debug|Any CPU
		{B3501E45-18E1-4CD4-BF0E-D7F3F43F6276}.Release|Any CPU.ActiveCfg = Release|Any CPU
		{B3501E45-18E1-4CD4-BF0E-D7F3F43F6276}.Release|Any CPU.Build.0 = Release|Any CPU
	EndGlobalSection
	GlobalSection(SolutionProperties) = preSolution
		HideSolutionNode = FALSE
	EndGlobalSection
	GlobalSection(ExtensibilityGlobals) = postSolution
		SolutionGuid = {CF687C6D-52C5-40BF-B5A7-FD607AF5E82C}
	EndGlobalSection
EndGlobal
